{
  "name": "komps",
  "version": "0.0.1",
  "lockfileVersion": 3,
  "requires": true,
  "packages": {
    "": {
      "name": "komps",
      "version": "0.0.1",
      "license": "MIT",
      "dependencies": {
        "dolla": "^1.0.0"
      }
    },
    "node_modules/dolla": {
      "version": "1.0.0",
      "resolved": "https://registry.npmjs.org/dolla/-/dolla-1.0.0.tgz",
      "integrity": "sha512-SNgPHbUIz4ElyL/Aib5o8gU2olLTmQuFnd1CAoh9oIAsqp5k5xthm5JDDc2d6T/Iy1ZyLgPD6Mo/jIBMYEHT+g=="
    }
  }
}
